<Solution>
  <Project Path="Housing.Api\Housing.Api.csproj" />
  <Project Path="Housing.Contracts/Housing.Contracts.csproj" />
  <Project Path="Housing.Domain\Housing.Domain.csproj" />
  <Project Path="Housing.Functions/Housing.Functions.csproj" />
  <Project Path="Housing.Infrastructure/Housing.Infrastructure.csproj" />
</Solution>